// !$*UTF8*$!
{
	archiveVersion = 1;
	classes = {
	};
	objectVersion = 50;
	objects = {

/* Begin PBXBuildFile section */
		6FD20F91221FD73300737D27 /* AppDelegate.swift in Sources */ = {isa = PBXBuildFile; fileRef = 6FD20F90221FD73300737D27 /* AppDelegate.swift */; };
		6FD20F96221FD73400737D27 /* Main.storyboard in Resources */ = {isa = PBXBuildFile; fileRef = 6FD20F94221FD73400737D27 /* Main.storyboard */; };
		6FD20F98221FD74500737D27 /* Assets.xcassets in Resources */ = {isa = PBXBuildFile; fileRef = 6FD20F97221FD74500737D27 /* Assets.xcassets */; };
		6FD20F9B221FD74500737D27 /* LaunchScreen.storyboard in Resources */ = {isa = PBXBuildFile; fileRef = 6FD20F99221FD74500737D27 /* LaunchScreen.storyboard */; };
		6FD20FA3221FD7A800737D27 /* HomeViewController.swift in Sources */ = {isa = PBXBuildFile; fileRef = 6FD20FA2221FD7A800737D27 /* HomeViewController.swift */; };
		6FD20FA5221FD89100737D27 /* HomeTableViewCell.swift in Sources */ = {isa = PBXBuildFile; fileRef = 6FD20FA4221FD89100737D27 /* HomeTableViewCell.swift */; };
		6FD20FA7221FD8B300737D27 /* HomeModel.swift in Sources */ = {isa = PBXBuildFile; fileRef = 6FD20FA6221FD8B300737D27 /* HomeModel.swift */; };
		6FD20FAA221FD98600737D27 /* HomeViewController+Extension.swift in Sources */ = {isa = PBXBuildFile; fileRef = 6FD20FA9221FD98600737D27 /* HomeViewController+Extension.swift */; };
		6FD20FAC221FDBDB00737D27 /* ContentModel.swift in Sources */ = {isa = PBXBuildFile; fileRef = 6FD20FAB221FDBDB00737D27 /* ContentModel.swift */; };
		6FD20FAE221FDDF200737D27 /* DataForm.swift in Sources */ = {isa = PBXBuildFile; fileRef = 6FD20FAD221FDDF200737D27 /* DataForm.swift */; };
		6FD20FB0221FDE6F00737D27 /* TypeAlias.swift in Sources */ = {isa = PBXBuildFile; fileRef = 6FD20FAF221FDE6F00737D27 /* TypeAlias.swift */; };
		6FD20FB2221FE9AC00737D27 /* DataParser.swift in Sources */ = {isa = PBXBuildFile; fileRef = 6FD20FB1221FE9AC00737D27 /* DataParser.swift */; };
/* End PBXBuildFile section */

/* Begin PBXFileReference section */
		6FD20F8D221FD73300737D27 /* FlexibleTableVIew.app */ = {isa = PBXFileReference; explicitFileType = wrapper.application; includeInIndex = 0; path = FlexibleTableVIew.app; sourceTree = BUILT_PRODUCTS_DIR; };
		6FD20F90221FD73300737D27 /* AppDelegate.swift */ = {isa = PBXFileReference; lastKnownFileType = sourcecode.swift; path = AppDelegate.swift; sourceTree = "<group>"; };
		6FD20F95221FD73400737D27 /* Base */ = {isa = PBXFileReference; lastKnownFileType = file.storyboard; name = Base; path = Base.lproj/Main.storyboard; sourceTree = "<group>"; };
		6FD20F97221FD74500737D27 /* Assets.xcassets */ = {isa = PBXFileReference; lastKnownFileType = folder.assetcatalog; path = Assets.xcassets; sourceTree = "<group>"; };
		6FD20F9A221FD74500737D27 /* Base */ = {isa = PBXFileReference; lastKnownFileType = file.storyboard; name = Base; path = Base.lproj/LaunchScreen.storyboard; sourceTree = "<group>"; };
		6FD20F9C221FD74500737D27 /* Info.plist */ = {isa = PBXFileReference; lastKnownFileType = text.plist.xml; path = Info.plist; sourceTree = "<group>"; };
		6FD20FA2221FD7A800737D27 /* HomeViewController.swift */ = {isa = PBXFileReference; lastKnownFileType = sourcecode.swift; path = HomeViewController.swift; sourceTree = "<group>"; };
		6FD20FA4221FD89100737D27 /* HomeTableViewCell.swift */ = {isa = PBXFileReference; lastKnownFileType = sourcecode.swift; path = HomeTableViewCell.swift; sourceTree = "<group>"; };
		6FD20FA6221FD8B300737D27 /* HomeModel.swift */ = {isa = PBXFileReference; lastKnownFileType = sourcecode.swift; path = HomeModel.swift; sourceTree = "<group>"; };
		6FD20FA9221FD98600737D27 /* HomeViewController+Extension.swift */ = {isa = PBXFileReference; lastKnownFileType = sourcecode.swift; path = "HomeViewController+Extension.swift"; sourceTree = "<group>"; };
		6FD20FAB221FDBDB00737D27 /* ContentModel.swift */ = {isa = PBXFileReference; lastKnownFileType = sourcecode.swift; path = ContentModel.swift; sourceTree = "<group>"; };
		6FD20FAD221FDDF200737D27 /* DataForm.swift */ = {isa = PBXFileReference; lastKnownFileType = sourcecode.swift; path = DataForm.swift; sourceTree = "<group>"; };
		6FD20FAF221FDE6F00737D27 /* TypeAlias.swift */ = {isa = PBXFileReference; lastKnownFileType = sourcecode.swift; path = TypeAlias.swift; sourceTree = "<group>"; };
		6FD20FB1221FE9AC00737D27 /* DataParser.swift */ = {isa = PBXFileReference; lastKnownFileType = sourcecode.swift; path = DataParser.swift; sourceTree = "<group>"; };
/* End PBXFileReference section */

/* Begin PBXFrameworksBuildPhase section */
		6FD20F8A221FD73300737D27 /* Frameworks */ = {
			isa = PBXFrameworksBuildPhase;
			buildActionMask = 2147483647;
			files = (
			);
			runOnlyForDeploymentPostprocessing = 0;
		};
/* End PBXFrameworksBuildPhase section */

/* Begin PBXGroup section */
		6FD20F84221FD73300737D27 = {
			isa = PBXGroup;
			children = (
				6FD20F8F221FD73300737D27 /* FlexibleTableVIew */,
				6FD20F8E221FD73300737D27 /* Products */,
			);
			sourceTree = "<group>";
		};
		6FD20F8E221FD73300737D27 /* Products */ = {
			isa = PBXGroup;
			children = (
				6FD20F8D221FD73300737D27 /* FlexibleTableVIew.app */,
			);
			name = Products;
			sourceTree = "<group>";
		};
		6FD20F8F221FD73300737D27 /* FlexibleTableVIew */ = {
			isa = PBXGroup;
			children = (
				6FD20F90221FD73300737D27 /* AppDelegate.swift */,
				6FD20FB3221FF06A00737D27 /* JSONtoDataHelperFiles */,
				6FD20FA8221FD92C00737D27 /* HomeViewFiles  */,
				6FD20F94221FD73400737D27 /* Main.storyboard */,
				6FD20F97221FD74500737D27 /* Assets.xcassets */,
				6FD20F99221FD74500737D27 /* LaunchScreen.storyboard */,
				6FD20F9C221FD74500737D27 /* Info.plist */,
			);
			path = FlexibleTableVIew;
			sourceTree = "<group>";
		};
		6FD20FA8221FD92C00737D27 /* HomeViewFiles  */ = {
			isa = PBXGroup;
			children = (
				6FD20FA6221FD8B300737D27 /* HomeModel.swift */,
				6FD20FA2221FD7A800737D27 /* HomeViewController.swift */,
				6FD20FA9221FD98600737D27 /* HomeViewController+Extension.swift */,
				6FD20FA4221FD89100737D27 /* HomeTableViewCell.swift */,
			);
			path = "HomeViewFiles ";
			sourceTree = "<group>";
		};
		6FD20FB3221FF06A00737D27 /* JSONtoDataHelperFiles */ = {
			isa = PBXGroup;
			children = (
				6FD20FAF221FDE6F00737D27 /* TypeAlias.swift */,
				6FD20FAD221FDDF200737D27 /* DataForm.swift */,
				6FD20FAB221FDBDB00737D27 /* ContentModel.swift */,
				6FD20FB1221FE9AC00737D27 /* DataParser.swift */,
			);
			path = JSONtoDataHelperFiles;
			sourceTree = "<group>";
		};
/* End PBXGroup section */

/* Begin PBXNativeTarget section */
		6FD20F8C221FD73300737D27 /* FlexibleTableVIew */ = {
			isa = PBXNativeTarget;
			buildConfigurationList = 6FD20F9F221FD74500737D27 /* Build configuration list for PBXNativeTarget "FlexibleTableVIew" */;
			buildPhases = (
				6FD20F89221FD73300737D27 /* Sources */,
				6FD20F8A221FD73300737D27 /* Frameworks */,
				6FD20F8B221FD73300737D27 /* Resources */,
			);
			buildRules = (
			);
			dependencies = (
			);
			name = FlexibleTableVIew;
			productName = FlexibleTableVIew;
			productReference = 6FD20F8D221FD73300737D27 /* FlexibleTableVIew.app */;
			productType = "com.apple.product-type.application";
		};
/* End PBXNativeTarget section */

/* Begin PBXProject section */
		6FD20F85221FD73300737D27 /* Project object */ = {
			isa = PBXProject;
			attributes = {
				LastSwiftUpdateCheck = 1010;
				LastUpgradeCheck = 1010;
				ORGANIZATIONNAME = TechTonic;
				TargetAttributes = {
					6FD20F8C221FD73300737D27 = {
						CreatedOnToolsVersion = 10.1;
					};
				};
			};
			buildConfigurationList = 6FD20F88221FD73300737D27 /* Build configuration list for PBXProject "FlexibleTableVIew" */;
			compatibilityVersion = "Xcode 9.3";
			developmentRegion = en;
			hasScannedForEncodings = 0;
			knownRegions = (
				en,
				Base,
			);
			mainGroup = 6FD20F84221FD73300737D27;
			productRefGroup = 6FD20F8E221FD73300737D27 /* Products */;
			projectDirPath = "";
			projectRoot = "";
			targets = (
				6FD20F8C221FD73300737D27 /* FlexibleTableVIew */,
			);
		};
/* End PBXProject section */

/* Begin PBXResourcesBuildPhase section */
		6FD20F8B221FD73300737D27 /* Resources */ = {
			isa = PBXResourcesBuildPhase;
			buildActionMask = 2147483647;
			files = (
				6FD20F9B221FD74500737D27 /* LaunchScreen.storyboard in Resources */,
				6FD20F98221FD74500737D27 /* Assets.xcassets in Resources */,
				6FD20F96221FD73400737D27 /* Main.storyboard in Resources */,
			);
			runOnlyForDeploymentPostprocessing = 0;
		};
/* End PBXResourcesBuildPhase section */

/* Begin PBXSourcesBuildPhase section */
		6FD20F89221FD73300737D27 /* Sources */ = {
			isa = PBXSourcesBuildPhase;
			buildActionMask = 2147483647;
			files = (
				6FD20FAA221FD98600737D27 /* HomeViewController+Extension.swift in Sources */,
				6FD20FA7221FD8B300737D27 /* HomeModel.swift in Sources */,
				6FD20FAE221FDDF200737D27 /* DataForm.swift in Sources */,
				6FD20FA5221FD89100737D27 /* HomeTableViewCell.swift in Sources */,
				6FD20F91221FD73300737D27 /* AppDelegate.swift in Sources */,
				6FD20FA3221FD7A800737D27 /* HomeViewController.swift in Sources */,
				6FD20FB0221FDE6F00737D27 /* TypeAlias.swift in Sources */,
				6FD20FAC221FDBDB00737D27 /* ContentModel.swift in Sources */,
				6FD20FB2221FE9AC00737D27 /* DataParser.swift in Sources */,
			);
			runOnlyForDeploymentPostprocessing = 0;
		};
/* End PBXSourcesBuildPhase section */

/* Begin PBXVariantGroup section */
		6FD20F94221FD73400737D27 /* Main.storyboard */ = {
			isa = PBXVariantGroup;
			children = (
				6FD20F95221FD73400737D27 /* Base */,
			);
			name = Main.storyboard;
			sourceTree = "<group>";
		};
		6FD20F99221FD74500737D27 /* LaunchScreen.storyboard */ = {
			isa = PBXVariantGroup;
			children = (
				6FD20F9A221FD74500737D27 /* Base */,
			);
			name = LaunchScreen.storyboard;
			sourceTree = "<group>";
		};
/* End PBXVariantGroup section */

/* Begin XCBuildConfiguration section */
		6FD20F9D221FD74500737D27 /* Debug */ = {
			isa = XCBuildConfiguration;
			buildSettings = {
				ALWAYS_SEARCH_USER_PATHS = NO;
				CLANG_ANALYZER_NONNULL = YES;
				CLANG_ANALYZER_NUMBER_OBJECT_CONVERSION = YES_AGGRESSIVE;
				CLANG_CXX_LANGUAGE_STANDARD = "gnu++14";
				CLANG_CXX_LIBRARY = "libc++";
				CLANG_ENABLE_MODULES = YES;
				CLANG_ENABLE_OBJC_ARC = YES;
				CLANG_ENABLE_OBJC_WEAK = YES;
				CLANG_WARN_BLOCK_CAPTURE_AUTORELEASING = YES;
				CLANG_WARN_BOOL_CONVERSION = YES;
				CLANG_WARN_COMMA = YES;
				CLANG_WARN_CONSTANT_CONVERSION = YES;
				CLANG_WARN_DEPRECATED_OBJC_IMPLEMENTATIONS = YES;
				CLANG_WARN_DIRECT_OBJC_ISA_USAGE = YES_ERROR;
				CLANG_WARN_DOCUMENTATION_COMMENTS = YES;
				CLANG_WARN_EMPTY_BODY = YES;
				CLANG_WARN_ENUM_CONVERSION = YES;
				CLANG_WARN_INFINITE_RECURSION = YES;
				CLANG_WARN_INT_CONVERSION = YES;
				CLANG_WARN_NON_LITERAL_NULL_CONVERSION = YES;
				CLANG_WARN_OBJC_IMPLICIT_RETAIN_SELF = YES;
				CLANG_WARN_OBJC_LITERAL_CONVERSION = YES;
				CLANG_WARN_OBJC_ROOT_CLASS = YES_ERROR;
				CLANG_WARN_RANGE_LOOP_ANALYSIS = YES;
				CLANG_WARN_STRICT_PROTOTYPES = YES;
				CLANG_WARN_SUSPICIOUS_MOVE = YES;
				CLANG_WARN_UNGUARDED_AVAILABILITY = YES_AGGRESSIVE;
				CLANG_WARN_UNREACHABLE_CODE = YES;
				CLANG_WARN__DUPLICATE_METHOD_MATCH = YES;
				CODE_SIGN_IDENTITY = "iPhone Developer";
				COPY_PHASE_STRIP = NO;
				DEBUG_INFORMATION_FORMAT = dwarf;
				ENABLE_STRICT_OBJC_MSGSEND = YES;
				ENABLE_TESTABILITY = YES;
				GCC_C_LANGUAGE_STANDARD = gnu11;
				GCC_DYNAMIC_NO_PIC = NO;
				GCC_NO_COMMON_BLOCKS = YES;
				GCC_OPTIMIZATION_LEVEL = 0;
				GCC_PREPROCESSOR_DEFINITIONS = (
					"DEBUG=1",
					"$(inherited)",
				);
				GCC_WARN_64_TO_32_BIT_CONVERSION = YES;
				GCC_WARN_ABOUT_RETURN_TYPE = YES_ERROR;
				GCC_WARN_UNDECLARED_SELECTOR = YES;
				GCC_WARN_UNINITIALIZED_AUTOS = YES_AGGRESSIVE;
				GCC_WARN_UNUSED_FUNCTION = YES;
				GCC_WARN_UNUSED_VARIABLE = YES;
				IPHONEOS_DEPLOYMENT_TARGET = 12.1;
				MTL_ENABLE_DEBUG_INFO = INCLUDE_SOURCE;
				MTL_FAST_MATH = YES;
				ONLY_ACTIVE_ARCH = YES;
				SDKROOT = iphoneos;
				SWIFT_ACTIVE_COMPILATION_CONDITIONS = DEBUG;
				SWIFT_OPTIMIZATION_LEVEL = "-Onone";
			};
			name = Debug;
		};
		6FD20F9E221FD74500737D27 /* Release */ = {
			isa = XCBuildConfiguration;
			buildSettings = {
				ALWAYS_SEARCH_USER_PATHS = NO;
				CLANG_ANALYZER_NONNULL = YES;
				CLANG_ANALYZER_NUMBER_OBJECT_CONVERSION = YES_AGGRESSIVE;
				CLANG_CXX_LANGUAGE_STANDARD = "gnu++14";
				CLANG_CXX_LIBRARY = "libc++";
				CLANG_ENABLE_MODULES = YES;
				CLANG_ENABLE_OBJC_ARC = YES;
				CLANG_ENABLE_OBJC_WEAK = YES;
				CLANG_WARN_BLOCK_CAPTURE_AUTORELEASING = YES;
				CLANG_WARN_BOOL_CONVERSION = YES;
				CLANG_WARN_COMMA = YES;
				CLANG_WARN_CONSTANT_CONVERSION = YES;
				CLANG_WARN_DEPRECATED_OBJC_IMPLEMENTATIONS = YES;
				CLANG_WARN_DIRECT_OBJC_ISA_USAGE = YES_ERROR;
				CLANG_WARN_DOCUMENTATION_COMMENTS = YES;
				CLANG_WARN_EMPTY_BODY = YES;
				CLANG_WARN_ENUM_CONVERSION = YES;
				CLANG_WARN_INFINITE_RECURSION = YES;
				CLANG_WARN_INT_CONVERSION = YES;
				CLANG_WARN_NON_LITERAL_NULL_CONVERSION = YES;
				CLANG_WARN_OBJC_IMPLICIT_RETAIN_SELF = YES;
				CLANG_WARN_OBJC_LITERAL_CONVERSION = YES;
				CLANG_WARN_OBJC_ROOT_CLASS = YES_ERROR;
				CLANG_WARN_RANGE_LOOP_ANALYSIS = YES;
				CLANG_WARN_STRICT_PROTOTYPES = YES;
				CLANG_WARN_SUSPICIOUS_MOVE = YES;
				CLANG_WARN_UNGUARDED_AVAILABILITY = YES_AGGRESSIVE;
				CLANG_WARN_UNREACHABLE_CODE = YES;
				CLANG_WARN__DUPLICATE_METHOD_MATCH = YES;
				CODE_SIGN_IDENTITY = "iPhone Developer";
				COPY_PHASE_STRIP = NO;
				DEBUG_INFORMATION_FORMAT = "dwarf-with-dsym";
				ENABLE_NS_ASSERTIONS = NO;
				ENABLE_STRICT_OBJC_MSGSEND = YES;
				GCC_C_LANGUAGE_STANDARD = gnu11;
				GCC_NO_COMMON_BLOCKS = YES;
				GCC_WARN_64_TO_32_BIT_CONVERSION = YES;
				GCC_WARN_ABOUT_RETURN_TYPE = YES_ERROR;
				GCC_WARN_UNDECLARED_SELECTOR = YES;
				GCC_WARN_UNINITIALIZED_AUTOS = YES_AGGRESSIVE;
				GCC_WARN_UNUSED_FUNCTION = YES;
				GCC_WARN_UNUSED_VARIABLE = YES;
				IPHONEOS_DEPLOYMENT_TARGET = 12.1;
				MTL_ENABLE_DEBUG_INFO = NO;
				MTL_FAST_MATH = YES;
				SDKROOT = iphoneos;
				SWIFT_COMPILATION_MODE = wholemodule;
				SWIFT_OPTIMIZATION_LEVEL = "-O";
				VALIDATE_PRODUCT = YES;
			};
			name = Release;
		};
		6FD20FA0221FD74500737D27 /* Debug */ = {
			isa = XCBuildConfiguration;
			buildSettings = {
				ASSETCATALOG_COMPILER_APPICON_NAME = AppIcon;
				CODE_SIGN_STYLE = Automatic;
				DEVELOPMENT_TEAM = RDRMVW96A6;
				INFOPLIST_FILE = FlexibleTableVIew/Info.plist;
				LD_RUNPATH_SEARCH_PATHS = (
					"$(inherited)",
					"@executable_path/Frameworks",
				);
				PRODUCT_BUNDLE_IDENTIFIER = com.TechTonic.FlexibleTableVIew;
				PRODUCT_NAME = "$(TARGET_NAME)";
				SWIFT_VERSION = 4.2;
				TARGETED_DEVICE_FAMILY = "1,2";
			};
			name = Debug;
		};
		6FD20FA1221FD74500737D27 /* Release */ = {
			isa = XCBuildConfiguration;
			buildSettings = {
				ASSETCATALOG_COMPILER_APPICON_NAME = AppIcon;
				CODE_SIGN_STYLE = Automatic;
				DEVELOPMENT_TEAM = RDRMVW96A6;
				INFOPLIST_FILE = FlexibleTableVIew/Info.plist;
				LD_RUNPATH_SEARCH_PATHS = (
					"$(inherited)",
					"@executable_path/Frameworks",
				);
				PRODUCT_BUNDLE_IDENTIFIER = com.TechTonic.FlexibleTableVIew;
				PRODUCT_NAME = "$(TARGET_NAME)";
				SWIFT_VERSION = 4.2;
				TARGETED_DEVICE_FAMILY = "1,2";
			};
			name = Release;
		};
/* End XCBuildConfiguration section */

/* Begin XCConfigurationList section */
		6FD20F88221FD73300737D27 /* Build configuration list for PBXProject "FlexibleTableVIew" */ = {
			isa = XCConfigurationList;
			buildConfigurations = (
				6FD20F9D221FD74500737D27 /* Debug */,
				6FD20F9E221FD74500737D27 /* Release */,
			);
			defaultConfigurationIsVisible = 0;
			defaultConfigurationName = Release;
		};
		6FD20F9F221FD74500737D27 /* Build configuration list for PBXNativeTarget "FlexibleTableVIew" */ = {
			isa = XCConfigurationList;
			buildConfigurations = (
				6FD20FA0221FD74500737D27 /* Debug */,
				6FD20FA1221FD74500737D27 /* Release */,
			);
			defaultConfigurationIsVisible = 0;
			defaultConfigurationName = Release;
		};
/* End XCConfigurationList section */
	};
	rootObject = 6FD20F85221FD73300737D27 /* Project object */;
}
